
Microsoft Visual Studio Solution File, Format Version 12.00
# Visual Studio Version 17
VisualStudioVersion = 17.7.34031.279
MinimumVisualStudioVersion = 10.0.40219.1
Project("{FAE04EC0-301F-11D3-BF4B-00C04F79EFBC}") = "wpfapp1", "wpfapp1.csproj", "{7207A8BA-D8E1-4442-A815-ABA67468C11B}"
EndProject
Global
	GlobalSection(SolutionConfigurationPlatforms) = preSolution
		Debug|Any CPU = Debug|Any CPU
		Release|Any CPU = Release|Any CPU
	EndGlobalSection
	GlobalSection(ProjectConfigurationPlatforms) = postSolution
		{7207A8BA-D8E1-4442-A815-ABA67468C11B}.Debug|Any CPU.ActiveCfg = Debug|Any CPU
		{7207A8BA-D8E1-4442-A815-ABA67468C11B}.Debug|Any CPU.Build.0 = Debug|Any CPU
		{7207A8BA-D8E1-4442-A815-ABA67468C11B}.Release|Any CPU.ActiveCfg = Release|Any CPU
		{7207A8BA-D8E1-4442-A815-ABA67468C11B}.Release|Any CPU.Build.0 = Release|Any CPU
	EndGlobalSection
	GlobalSection(SolutionProperties) = preSolution
		HideSolutionNode = FALSE
	EndGlobalSection
	GlobalSection(ExtensibilityGlobals) = postSolution
		SolutionGuid = {E929365D-EF8B-4350-A923-8DFE76416D93}
	EndGlobalSection
EndGlobal
